
Microsoft Visual Studio Solution File, Format Version 12.00
# Visual Studio 15
VisualStudioVersion = 15.0.27703.2042
MinimumVisualStudioVersion = 10.0.40219.1
Project("{8BC9CEB8-8B4A-11D0-8D11-00A0C91BC942}") = "Joel.S Lab 2 Exp.2", "Joel.S Lab 2 Exp.2\Joel.S Lab 2 Exp.2.vcxproj", "{5A9716C2-C733-4D3D-B6AA-7EA08A4D1227}"
EndProject
Global
	GlobalSection(SolutionConfigurationPlatforms) = preSolution
		Debug|x64 = Debug|x64
		Debug|x86 = Debug|x86
		Release|x64 = Release|x64
		Release|x86 = Release|x86
	EndGlobalSection
	GlobalSection(ProjectConfigurationPlatforms) = postSolution
		{5A9716C2-C733-4D3D-B6AA-7EA08A4D1227}.Debug|x64.ActiveCfg = Debug|x64
		{5A9716C2-C733-4D3D-B6AA-7EA08A4D1227}.Debug|x64.Build.0 = Debug|x64
		{5A9716C2-C733-4D3D-B6AA-7EA08A4D1227}.Debug|x86.ActiveCfg = Debug|Win32
		{5A9716C2-C733-4D3D-B6AA-7EA08A4D1227}.Debug|x86.Build.0 = Debug|Win32
		{5A9716C2-C733-4D3D-B6AA-7EA08A4D1227}.Release|x64.ActiveCfg = Release|x64
		{5A9716C2-C733-4D3D-B6AA-7EA08A4D1227}.Release|x64.Build.0 = Release|x64
		{5A9716C2-C733-4D3D-B6AA-7EA08A4D1227}.Release|x86.ActiveCfg = Release|Win32
		{5A9716C2-C733-4D3D-B6AA-7EA08A4D1227}.Release|x86.Build.0 = Release|Win32
	EndGlobalSection
	GlobalSection(SolutionProperties) = preSolution
		HideSolutionNode = FALSE
	EndGlobalSection
	GlobalSection(ExtensibilityGlobals) = postSolution
		SolutionGuid = {ECB00153-5975-4798-8203-7F98C7D009F2}
	EndGlobalSection
EndGlobal
